
Microsoft Visual Studio Solution File, Format Version 12.00
# Visual Studio 14
VisualStudioVersion = 14.0.24720.0
MinimumVisualStudioVersion = 10.0.40219.1
Project("{2150E333-8FDC-42A3-9474-1A3956D46DE8}") = "hc.epm.DataModel", "hc.epm.DataModel", "{0376B125-2303-4BB7-A2B9-7DE9D0CCDE06}"
EndProject
Project("{FAE04EC0-301F-11D3-BF4B-00C04F79EFBC}") = "hc.epm.DataModel.BaseCore", "hc.epm.DataModel.BaseCore\hc.epm.DataModel.BaseCore.csproj", "{F8103B09-A5C7-48BD-B736-727FB2107165}"
EndProject
Project("{FAE04EC0-301F-11D3-BF4B-00C04F79EFBC}") = "hc.epm.DataModel.Basic", "hc.epm.DataModel.Basic\hc.epm.DataModel.Basic.csproj", "{64A4F74F-A0E1-4EF2-915B-DD49BD50EDAC}"
EndProject
Project("{FAE04EC0-301F-11D3-BF4B-00C04F79EFBC}") = "hc.epm.DataModel.Business", "hc.epm.DataModel.Business\hc.epm.DataModel.Business.csproj", "{1C5DC3D9-56B1-4580-8B69-30955F72D6BD}"
EndProject
Project("{FAE04EC0-301F-11D3-BF4B-00C04F79EFBC}") = "hc.epm.DataModel.Msg", "hc.epm.DataModel.Msg\hc.epm.DataModel.Msg.csproj", "{85643354-D470-49AA-A4D0-E9B6BA8116A2}"
EndProject
Project("{2150E333-8FDC-42A3-9474-1A3956D46DE8}") = "hc.epm.Helper", "hc.epm.Helper", "{F1EA880E-2165-47CB-ADDF-D5C170E8E6BD}"
EndProject
Project("{FAE04EC0-301F-11D3-BF4B-00C04F79EFBC}") = "CreateModelTools", "CreateModelTools\CreateModelTools.csproj", "{3312CA28-2722-48BE-BB9E-B6C783F74A03}"
EndProject
Project("{FAE04EC0-301F-11D3-BF4B-00C04F79EFBC}") = "DBConnectionDesTools", "DBConnectionDesTools\DBConnectionDesTools.csproj", "{767B770D-6901-46CA-A335-F6A27A07F444}"
EndProject
Project("{FAE04EC0-301F-11D3-BF4B-00C04F79EFBC}") = "hc.epm.Common", "hc.epm.Common\hc.epm.Common.csproj", "{76C233FA-84B3-4A79-A3E3-5797373EC226}"
EndProject
Project("{FAE04EC0-301F-11D3-BF4B-00C04F79EFBC}") = "hc.epm.Helper.Timer", "hc.epm.Helper.Timer\hc.epm.Helper.Timer.csproj", "{50C8F359-C75F-4C21-AB55-77BDD3C5F91A}"
EndProject
Project("{2150E333-8FDC-42A3-9474-1A3956D46DE8}") = "hc.epm.Service", "hc.epm.Service", "{E6F5D40C-FD42-47DC-9AB8-12A78C17149E}"
EndProject
Project("{FAE04EC0-301F-11D3-BF4B-00C04F79EFBC}") = "hc.epm.Service.Base", "hc.epm.Service.Base\hc.epm.Service.Base.csproj", "{1670A139-3D81-4CFB-AB45-69C3AB6C0938}"
EndProject
Project("{FAE04EC0-301F-11D3-BF4B-00C04F79EFBC}") = "hc.epm.Service.Basic", "hc.epm.Service.Basic\hc.epm.Service.Basic.csproj", "{12078B7D-28A5-4D0A-871D-664C65CB1DF5}"
EndProject
Project("{FAE04EC0-301F-11D3-BF4B-00C04F79EFBC}") = "hc.epm.Service.Business", "hc.epm.Service.Business\hc.epm.Service.Business.csproj", "{40D5A415-8B3A-4FA8-B8D0-22EB0362EC0C}"
EndProject
Project("{FAE04EC0-301F-11D3-BF4B-00C04F79EFBC}") = "hc.epm.Service.ClientSite", "hc.epm.Service.ClientSite\hc.epm.Service.ClientSite.csproj", "{344EEE4B-8211-4F9B-AE19-DC16B18FA54C}"
EndProject
Project("{FAE04EC0-301F-11D3-BF4B-00C04F79EFBC}") = "hc.epm.Service.Msg", "hc.epm.Service.Msg\hc.epm.Service.Msg.csproj", "{D182DF5E-2888-420D-BDA4-93E1BDB8F9CB}"
EndProject
Project("{FAE04EC0-301F-11D3-BF4B-00C04F79EFBC}") = "hc.epm.ViewModel", "hc.epm.ViewModel\hc.epm.ViewModel.csproj", "{C2D7AF8D-0EFB-42D5-8B8B-AFCB1C3738B0}"
EndProject
Project("{2150E333-8FDC-42A3-9474-1A3956D46DE8}") = "hc.epm.TimerServer", "hc.epm.TimerServer", "{8CC48370-C1EE-43C4-8E6D-2130DFF3B630}"
EndProject
Project("{FAE04EC0-301F-11D3-BF4B-00C04F79EFBC}") = "hc.epm.BimTimer", "hc.epm.BimTimer\hc.epm.BimTimer.csproj", "{F686A5EA-735B-4BB3-8A65-361342C5B761}"
EndProject
Project("{FAE04EC0-301F-11D3-BF4B-00C04F79EFBC}") = "hc.epm.MsgTimer", "hc.epm.MsgTimer\hc.epm.MsgTimer.csproj", "{6575E039-7DD5-475C-8287-DFB0CB2EE6D0}"
EndProject
Project("{FAE04EC0-301F-11D3-BF4B-00C04F79EFBC}") = "hc.epm.ProjectKPITimer", "hc.epm.ProjectKPITimer\hc.epm.ProjectKPITimer.csproj", "{54730BFB-4DEC-452B-87E9-E36BAECDB3FB}"
EndProject
Project("{FAE04EC0-301F-11D3-BF4B-00C04F79EFBC}") = "hc.epm.TimerManage", "hc.epm.TimerManage\hc.epm.TimerManage.csproj", "{9EDF2194-F01E-4285-9104-0C4FBC0D8D91}"
EndProject
Project("{2150E333-8FDC-42A3-9474-1A3956D46DE8}") = "hc.epm.UI", "hc.epm.UI", "{D309ED08-F708-4EDA-BBA4-B1C778129D67}"
EndProject
Project("{FAE04EC0-301F-11D3-BF4B-00C04F79EFBC}") = "hc.epm.Admin.ClientProxy", "hc.epm.Admin.ClientProxy\hc.epm.Admin.ClientProxy.csproj", "{1E25102E-991F-4A3D-AC2B-C3CBD0293E98}"
EndProject
Project("{FAE04EC0-301F-11D3-BF4B-00C04F79EFBC}") = "hc.epm.Admin.Web", "hc.epm.Admin.Web\hc.epm.Admin.Web.csproj", "{B5BFBA2C-B109-44C4-8C65-6C4ABC71598B}"
EndProject
Project("{FAE04EC0-301F-11D3-BF4B-00C04F79EFBC}") = "hc.epm.UI.Common", "hc.epm.UI.Common\hc.epm.UI.Common.csproj", "{3AA26187-687C-431B-80EB-6C7C3BB2C982}"
EndProject
Project("{FAE04EC0-301F-11D3-BF4B-00C04F79EFBC}") = "hc.epm.Web", "hc.epm.Web\hc.epm.Web.csproj", "{49CD406A-4068-4530-B264-5BA0A435DAE4}"
EndProject
Project("{FAE04EC0-301F-11D3-BF4B-00C04F79EFBC}") = "hc.epm.Web.ClientProxy", "hc.epm.Web.ClientProxy\hc.epm.Web.ClientProxy.csproj", "{294A148A-F503-4155-A186-E6412F60BA9B}"
EndProject
Project("{2150E333-8FDC-42A3-9474-1A3956D46DE8}") = "hc.Plat.Cache", "hc.Plat.Cache", "{519460C0-0EC7-4D52-BA8C-0B6F07DF2D35}"
EndProject
Project("{FAE04EC0-301F-11D3-BF4B-00C04F79EFBC}") = "hc.Plat.Cache.Helper", "hc.Plat.Cache.Helper\hc.Plat.Cache.Helper.csproj", "{9F003667-A861-4941-9603-CE92AC9C07B0}"
EndProject
Project("{2150E333-8FDC-42A3-9474-1A3956D46DE8}") = "hc.Plat.Common", "hc.Plat.Common", "{D84B734E-8097-41C8-ACAF-09375FF6B73D}"
EndProject
Project("{FAE04EC0-301F-11D3-BF4B-00C04F79EFBC}") = "hc.Plat.Common.Extend", "hc.Plat.Common.Extend\hc.Plat.Common.Extend.csproj", "{4F59530F-798F-45A0-8500-1864E7508BBE}"
EndProject
Project("{FAE04EC0-301F-11D3-BF4B-00C04F79EFBC}") = "hc.Plat.Common.Global", "hc.Plat.Common\hc.Plat.Common.Global\hc.Plat.Common.Global.csproj", "{1129932D-C687-465C-8BC4-F7759326B8AF}"
EndProject
Project("{FAE04EC0-301F-11D3-BF4B-00C04F79EFBC}") = "hc.Plat.Common.Service", "hc.Plat.Common\hc.Plat.Common.Service\hc.Plat.Common.Service.csproj", "{93303137-27DB-4026-A202-BADFCFA5F99B}"
EndProject
Project("{2150E333-8FDC-42A3-9474-1A3956D46DE8}") = "hc.Plat.FileServer", "hc.Plat.FileServer", "{AA649A19-C9C0-4765-9E6C-D543FC4DE88C}"
EndProject
Project("{FAE04EC0-301F-11D3-BF4B-00C04F79EFBC}") = "hc.Plat.FileServer.ClientProxy", "hc.Plat.FileServer.ClientProxy\hc.Plat.FileServer.ClientProxy.csproj", "{45E6A24F-F572-4D6A-B205-26FBE3580555}"
EndProject
Project("{FAE04EC0-301F-11D3-BF4B-00C04F79EFBC}") = "hc.Plat.FileServer.Data", "hc.Plat.FileServer.Data\hc.Plat.FileServer.Data.csproj", "{07EED704-F3CF-4D0B-9D75-6571623F4DF0}"
EndProject
Project("{FAE04EC0-301F-11D3-BF4B-00C04F79EFBC}") = "hc.Plat.FileServer.Server", "hc.Plat.FileServer.Server\hc.Plat.FileServer.Server.csproj", "{2317C780-3EFD-43DA-8AB1-D610FFEC0410}"
EndProject
Project("{FAE04EC0-301F-11D3-BF4B-00C04F79EFBC}") = "hc.Plat.FileServer.Web", "hc.Plat.FileServer.Web\hc.Plat.FileServer.Web.csproj", "{AE070F47-B4B5-49F9-B0FA-A043056B3547}"
EndProject
Project("{2150E333-8FDC-42A3-9474-1A3956D46DE8}") = "hc.Plat.Message", "hc.Plat.Message", "{B38BAA04-F962-4A72-BFFE-E491A2C13421}"
EndProject
Project("{FAE04EC0-301F-11D3-BF4B-00C04F79EFBC}") = "TopSdk", "hc.Plat.Message\taobao-sdk-net-auto_1455552377940-20160707-source\TopSdk.csproj", "{9C11CAE5-5188-4E71-825B-68FC3135728A}"
EndProject
Project("{2150E333-8FDC-42A3-9474-1A3956D46DE8}") = "hc.Plat.Server", "hc.Plat.Server", "{2A3E3DA3-CFD4-4547-9AD4-88DCF4BDD5B2}"
EndProject
Project("{FAE04EC0-301F-11D3-BF4B-00C04F79EFBC}") = "hc.Plat.ServerDebug", "hc.Plat.Server\hc.Plat.ServerDebug\hc.Plat.ServerDebug.csproj", "{2389AD85-8D47-4740-80E9-EFF0F2E0B309}"
EndProject
Project("{FAE04EC0-301F-11D3-BF4B-00C04F79EFBC}") = "hc.Plat.ServerManager", "hc.Plat.Server\hc.Plat.ServerManager\hc.Plat.ServerManager.csproj", "{13D30D80-3D08-4187-9294-C9ADD6CB2D6E}"
EndProject
Project("{FAE04EC0-301F-11D3-BF4B-00C04F79EFBC}") = "hc.Plat.WindowsServer", "hc.Plat.Server\hc.Plat.WindowsServer\hc.Plat.WindowsServer.csproj", "{12914B1D-59CF-4BAF-B46E-F4C80FD6345C}"
EndProject
Project("{2150E333-8FDC-42A3-9474-1A3956D46DE8}") = "hc.Plat.Service", "hc.Plat.Service", "{17585B5E-AEAB-47F5-967C-034AB2CD9922}"
EndProject
Project("{FAE04EC0-301F-11D3-BF4B-00C04F79EFBC}") = "hc.Plat.Service.Base", "hc.Plat.Service\hc.Plat.Service.Base\hc.Plat.Service.Base.csproj", "{7386B122-5F38-47CE-9DCD-F011BB89BC3C}"
EndProject
Project("{2150E333-8FDC-42A3-9474-1A3956D46DE8}") = "hc.Plat.WebAPI", "hc.Plat.WebAPI", "{831C74CC-6ECE-4574-9142-C824409B982E}"
EndProject
Project("{FAE04EC0-301F-11D3-BF4B-00C04F79EFBC}") = "hc.Plat.WebAPI.Base", "hc.Plat.WebAPI.Base\hc.Plat.WebAPI.Base.csproj", "{7B8F95BC-E2D5-44AD-B1C9-75891B4654EE}"
EndProject
Project("{FAE04EC0-301F-11D3-BF4B-00C04F79EFBC}") = "hc.epm.WebApi.XieTong", "hc.epm.WebApi.XieTong\hc.epm.WebApi.XieTong.csproj", "{FA4EECF3-0660-492D-BB2A-9B53DD5C68EE}"
EndProject
Project("{FAE04EC0-301F-11D3-BF4B-00C04F79EFBC}") = "hc.epm.SXBaseTimer", "hc.epm.SXBaseTimer\hc.epm.SXBaseTimer.csproj", "{A102C428-32BA-4DC2-9F06-6F0770BB05F0}"
EndProject
Global
	GlobalSection(SolutionConfigurationPlatforms) = preSolution
		BizTalk|Any CPU = BizTalk|Any CPU
		Debug|Any CPU = Debug|Any CPU
		Release|Any CPU = Release|Any CPU
	EndGlobalSection
	GlobalSection(ProjectConfigurationPlatforms) = postSolution
		{F8103B09-A5C7-48BD-B736-727FB2107165}.BizTalk|Any CPU.ActiveCfg = Release|Any CPU
		{F8103B09-A5C7-48BD-B736-727FB2107165}.BizTalk|Any CPU.Build.0 = Release|Any CPU
		{F8103B09-A5C7-48BD-B736-727FB2107165}.Debug|Any CPU.ActiveCfg = Debug|Any CPU
		{F8103B09-A5C7-48BD-B736-727FB2107165}.Debug|Any CPU.Build.0 = Debug|Any CPU
		{F8103B09-A5C7-48BD-B736-727FB2107165}.Release|Any CPU.ActiveCfg = Release|Any CPU
		{F8103B09-A5C7-48BD-B736-727FB2107165}.Release|Any CPU.Build.0 = Release|Any CPU
		{64A4F74F-A0E1-4EF2-915B-DD49BD50EDAC}.BizTalk|Any CPU.ActiveCfg = Release|Any CPU
		{64A4F74F-A0E1-4EF2-915B-DD49BD50EDAC}.BizTalk|Any CPU.Build.0 = Release|Any CPU
		{64A4F74F-A0E1-4EF2-915B-DD49BD50EDAC}.Debug|Any CPU.ActiveCfg = Debug|Any CPU
		{64A4F74F-A0E1-4EF2-915B-DD49BD50EDAC}.Debug|Any CPU.Build.0 = Debug|Any CPU
		{64A4F74F-A0E1-4EF2-915B-DD49BD50EDAC}.Release|Any CPU.ActiveCfg = Release|Any CPU
		{64A4F74F-A0E1-4EF2-915B-DD49BD50EDAC}.Release|Any CPU.Build.0 = Release|Any CPU
		{1C5DC3D9-56B1-4580-8B69-30955F72D6BD}.BizTalk|Any CPU.ActiveCfg = Release|Any CPU
		{1C5DC3D9-56B1-4580-8B69-30955F72D6BD}.BizTalk|Any CPU.Build.0 = Release|Any CPU
		{1C5DC3D9-56B1-4580-8B69-30955F72D6BD}.Debug|Any CPU.ActiveCfg = Debug|Any CPU
		{1C5DC3D9-56B1-4580-8B69-30955F72D6BD}.Debug|Any CPU.Build.0 = Debug|Any CPU
		{1C5DC3D9-56B1-4580-8B69-30955F72D6BD}.Release|Any CPU.ActiveCfg = Release|Any CPU
		{1C5DC3D9-56B1-4580-8B69-30955F72D6BD}.Release|Any CPU.Build.0 = Release|Any CPU
		{85643354-D470-49AA-A4D0-E9B6BA8116A2}.BizTalk|Any CPU.ActiveCfg = Release|Any CPU
		{85643354-D470-49AA-A4D0-E9B6BA8116A2}.BizTalk|Any CPU.Build.0 = Release|Any CPU
		{85643354-D470-49AA-A4D0-E9B6BA8116A2}.Debug|Any CPU.ActiveCfg = Debug|Any CPU
		{85643354-D470-49AA-A4D0-E9B6BA8116A2}.Debug|Any CPU.Build.0 = Debug|Any CPU
		{85643354-D470-49AA-A4D0-E9B6BA8116A2}.Release|Any CPU.ActiveCfg = Release|Any CPU
		{85643354-D470-49AA-A4D0-E9B6BA8116A2}.Release|Any CPU.Build.0 = Release|Any CPU
		{3312CA28-2722-48BE-BB9E-B6C783F74A03}.BizTalk|Any CPU.ActiveCfg = Release|Any CPU
		{3312CA28-2722-48BE-BB9E-B6C783F74A03}.BizTalk|Any CPU.Build.0 = Release|Any CPU
		{3312CA28-2722-48BE-BB9E-B6C783F74A03}.Debug|Any CPU.ActiveCfg = Debug|Any CPU
		{3312CA28-2722-48BE-BB9E-B6C783F74A03}.Debug|Any CPU.Build.0 = Debug|Any CPU
		{3312CA28-2722-48BE-BB9E-B6C783F74A03}.Release|Any CPU.ActiveCfg = Release|Any CPU
		{3312CA28-2722-48BE-BB9E-B6C783F74A03}.Release|Any CPU.Build.0 = Release|Any CPU
		{767B770D-6901-46CA-A335-F6A27A07F444}.BizTalk|Any CPU.ActiveCfg = Release|Any CPU
		{767B770D-6901-46CA-A335-F6A27A07F444}.BizTalk|Any CPU.Build.0 = Release|Any CPU
		{767B770D-6901-46CA-A335-F6A27A07F444}.Debug|Any CPU.ActiveCfg = Debug|Any CPU
		{767B770D-6901-46CA-A335-F6A27A07F444}.Debug|Any CPU.Build.0 = Debug|Any CPU
		{767B770D-6901-46CA-A335-F6A27A07F444}.Release|Any CPU.ActiveCfg = Release|Any CPU
		{767B770D-6901-46CA-A335-F6A27A07F444}.Release|Any CPU.Build.0 = Release|Any CPU
		{76C233FA-84B3-4A79-A3E3-5797373EC226}.BizTalk|Any CPU.ActiveCfg = Release|Any CPU
		{76C233FA-84B3-4A79-A3E3-5797373EC226}.BizTalk|Any CPU.Build.0 = Release|Any CPU
		{76C233FA-84B3-4A79-A3E3-5797373EC226}.Debug|Any CPU.ActiveCfg = Debug|Any CPU
		{76C233FA-84B3-4A79-A3E3-5797373EC226}.Debug|Any CPU.Build.0 = Debug|Any CPU
		{76C233FA-84B3-4A79-A3E3-5797373EC226}.Release|Any CPU.ActiveCfg = Release|Any CPU
		{76C233FA-84B3-4A79-A3E3-5797373EC226}.Release|Any CPU.Build.0 = Release|Any CPU
		{50C8F359-C75F-4C21-AB55-77BDD3C5F91A}.BizTalk|Any CPU.ActiveCfg = Release|Any CPU
		{50C8F359-C75F-4C21-AB55-77BDD3C5F91A}.BizTalk|Any CPU.Build.0 = Release|Any CPU
		{50C8F359-C75F-4C21-AB55-77BDD3C5F91A}.Debug|Any CPU.ActiveCfg = Debug|Any CPU
		{50C8F359-C75F-4C21-AB55-77BDD3C5F91A}.Debug|Any CPU.Build.0 = Debug|Any CPU
		{50C8F359-C75F-4C21-AB55-77BDD3C5F91A}.Release|Any CPU.ActiveCfg = Release|Any CPU
		{50C8F359-C75F-4C21-AB55-77BDD3C5F91A}.Release|Any CPU.Build.0 = Release|Any CPU
		{1670A139-3D81-4CFB-AB45-69C3AB6C0938}.BizTalk|Any CPU.ActiveCfg = Release|Any CPU
		{1670A139-3D81-4CFB-AB45-69C3AB6C0938}.BizTalk|Any CPU.Build.0 = Release|Any CPU
		{1670A139-3D81-4CFB-AB45-69C3AB6C0938}.Debug|Any CPU.ActiveCfg = Debug|Any CPU
		{1670A139-3D81-4CFB-AB45-69C3AB6C0938}.Debug|Any CPU.Build.0 = Debug|Any CPU
		{1670A139-3D81-4CFB-AB45-69C3AB6C0938}.Release|Any CPU.ActiveCfg = Release|Any CPU
		{1670A139-3D81-4CFB-AB45-69C3AB6C0938}.Release|Any CPU.Build.0 = Release|Any CPU
		{12078B7D-28A5-4D0A-871D-664C65CB1DF5}.BizTalk|Any CPU.ActiveCfg = Release|Any CPU
		{12078B7D-28A5-4D0A-871D-664C65CB1DF5}.BizTalk|Any CPU.Build.0 = Release|Any CPU
		{12078B7D-28A5-4D0A-871D-664C65CB1DF5}.Debug|Any CPU.ActiveCfg = Debug|Any CPU
		{12078B7D-28A5-4D0A-871D-664C65CB1DF5}.Debug|Any CPU.Build.0 = Debug|Any CPU
		{12078B7D-28A5-4D0A-871D-664C65CB1DF5}.Release|Any CPU.ActiveCfg = Release|Any CPU
		{12078B7D-28A5-4D0A-871D-664C65CB1DF5}.Release|Any CPU.Build.0 = Release|Any CPU
		{40D5A415-8B3A-4FA8-B8D0-22EB0362EC0C}.BizTalk|Any CPU.ActiveCfg = Release|Any CPU
		{40D5A415-8B3A-4FA8-B8D0-22EB0362EC0C}.BizTalk|Any CPU.Build.0 = Release|Any CPU
		{40D5A415-8B3A-4FA8-B8D0-22EB0362EC0C}.Debug|Any CPU.ActiveCfg = Debug|Any CPU
		{40D5A415-8B3A-4FA8-B8D0-22EB0362EC0C}.Debug|Any CPU.Build.0 = Debug|Any CPU
		{40D5A415-8B3A-4FA8-B8D0-22EB0362EC0C}.Release|Any CPU.ActiveCfg = Release|Any CPU
		{40D5A415-8B3A-4FA8-B8D0-22EB0362EC0C}.Release|Any CPU.Build.0 = Release|Any CPU
		{344EEE4B-8211-4F9B-AE19-DC16B18FA54C}.BizTalk|Any CPU.ActiveCfg = Release|Any CPU
		{344EEE4B-8211-4F9B-AE19-DC16B18FA54C}.BizTalk|Any CPU.Build.0 = Release|Any CPU
		{344EEE4B-8211-4F9B-AE19-DC16B18FA54C}.Debug|Any CPU.ActiveCfg = Debug|Any CPU
		{344EEE4B-8211-4F9B-AE19-DC16B18FA54C}.Debug|Any CPU.Build.0 = Debug|Any CPU
		{344EEE4B-8211-4F9B-AE19-DC16B18FA54C}.Release|Any CPU.ActiveCfg = Release|Any CPU
		{344EEE4B-8211-4F9B-AE19-DC16B18FA54C}.Release|Any CPU.Build.0 = Release|Any CPU
		{D182DF5E-2888-420D-BDA4-93E1BDB8F9CB}.BizTalk|Any CPU.ActiveCfg = Release|Any CPU
		{D182DF5E-2888-420D-BDA4-93E1BDB8F9CB}.BizTalk|Any CPU.Build.0 = Release|Any CPU
		{D182DF5E-2888-420D-BDA4-93E1BDB8F9CB}.Debug|Any CPU.ActiveCfg = Debug|Any CPU
		{D182DF5E-2888-420D-BDA4-93E1BDB8F9CB}.Debug|Any CPU.Build.0 = Debug|Any CPU
		{D182DF5E-2888-420D-BDA4-93E1BDB8F9CB}.Release|Any CPU.ActiveCfg = Release|Any CPU
		{D182DF5E-2888-420D-BDA4-93E1BDB8F9CB}.Release|Any CPU.Build.0 = Release|Any CPU
		{C2D7AF8D-0EFB-42D5-8B8B-AFCB1C3738B0}.BizTalk|Any CPU.ActiveCfg = Release|Any CPU
		{C2D7AF8D-0EFB-42D5-8B8B-AFCB1C3738B0}.BizTalk|Any CPU.Build.0 = Release|Any CPU
		{C2D7AF8D-0EFB-42D5-8B8B-AFCB1C3738B0}.Debug|Any CPU.ActiveCfg = Debug|Any CPU
		{C2D7AF8D-0EFB-42D5-8B8B-AFCB1C3738B0}.Debug|Any CPU.Build.0 = Debug|Any CPU
		{C2D7AF8D-0EFB-42D5-8B8B-AFCB1C3738B0}.Release|Any CPU.ActiveCfg = Release|Any CPU
		{C2D7AF8D-0EFB-42D5-8B8B-AFCB1C3738B0}.Release|Any CPU.Build.0 = Release|Any CPU
		{F686A5EA-735B-4BB3-8A65-361342C5B761}.BizTalk|Any CPU.ActiveCfg = Release|Any CPU
		{F686A5EA-735B-4BB3-8A65-361342C5B761}.BizTalk|Any CPU.Build.0 = Release|Any CPU
		{F686A5EA-735B-4BB3-8A65-361342C5B761}.Debug|Any CPU.ActiveCfg = Debug|Any CPU
		{F686A5EA-735B-4BB3-8A65-361342C5B761}.Debug|Any CPU.Build.0 = Debug|Any CPU
		{F686A5EA-735B-4BB3-8A65-361342C5B761}.Release|Any CPU.ActiveCfg = Release|Any CPU
		{F686A5EA-735B-4BB3-8A65-361342C5B761}.Release|Any CPU.Build.0 = Release|Any CPU
		{6575E039-7DD5-475C-8287-DFB0CB2EE6D0}.BizTalk|Any CPU.ActiveCfg = Release|Any CPU
		{6575E039-7DD5-475C-8287-DFB0CB2EE6D0}.BizTalk|Any CPU.Build.0 = Release|Any CPU
		{6575E039-7DD5-475C-8287-DFB0CB2EE6D0}.Debug|Any CPU.ActiveCfg = Debug|Any CPU
		{6575E039-7DD5-475C-8287-DFB0CB2EE6D0}.Debug|Any CPU.Build.0 = Debug|Any CPU
		{6575E039-7DD5-475C-8287-DFB0CB2EE6D0}.Release|Any CPU.ActiveCfg = Release|Any CPU
		{6575E039-7DD5-475C-8287-DFB0CB2EE6D0}.Release|Any CPU.Build.0 = Release|Any CPU
		{54730BFB-4DEC-452B-87E9-E36BAECDB3FB}.BizTalk|Any CPU.ActiveCfg = Release|Any CPU
		{54730BFB-4DEC-452B-87E9-E36BAECDB3FB}.BizTalk|Any CPU.Build.0 = Release|Any CPU
		{54730BFB-4DEC-452B-87E9-E36BAECDB3FB}.Debug|Any CPU.ActiveCfg = Debug|Any CPU
		{54730BFB-4DEC-452B-87E9-E36BAECDB3FB}.Debug|Any CPU.Build.0 = Debug|Any CPU
		{54730BFB-4DEC-452B-87E9-E36BAECDB3FB}.Release|Any CPU.ActiveCfg = Release|Any CPU
		{54730BFB-4DEC-452B-87E9-E36BAECDB3FB}.Release|Any CPU.Build.0 = Release|Any CPU
		{9EDF2194-F01E-4285-9104-0C4FBC0D8D91}.BizTalk|Any CPU.ActiveCfg = Release|Any CPU
		{9EDF2194-F01E-4285-9104-0C4FBC0D8D91}.BizTalk|Any CPU.Build.0 = Release|Any CPU
		{9EDF2194-F01E-4285-9104-0C4FBC0D8D91}.Debug|Any CPU.ActiveCfg = Debug|Any CPU
		{9EDF2194-F01E-4285-9104-0C4FBC0D8D91}.Debug|Any CPU.Build.0 = Debug|Any CPU
		{9EDF2194-F01E-4285-9104-0C4FBC0D8D91}.Release|Any CPU.ActiveCfg = Release|Any CPU
		{9EDF2194-F01E-4285-9104-0C4FBC0D8D91}.Release|Any CPU.Build.0 = Release|Any CPU
		{1E25102E-991F-4A3D-AC2B-C3CBD0293E98}.BizTalk|Any CPU.ActiveCfg = Release|Any CPU
		{1E25102E-991F-4A3D-AC2B-C3CBD0293E98}.BizTalk|Any CPU.Build.0 = Release|Any CPU
		{1E25102E-991F-4A3D-AC2B-C3CBD0293E98}.Debug|Any CPU.ActiveCfg = Debug|Any CPU
		{1E25102E-991F-4A3D-AC2B-C3CBD0293E98}.Debug|Any CPU.Build.0 = Debug|Any CPU
		{1E25102E-991F-4A3D-AC2B-C3CBD0293E98}.Release|Any CPU.ActiveCfg = Release|Any CPU
		{1E25102E-991F-4A3D-AC2B-C3CBD0293E98}.Release|Any CPU.Build.0 = Release|Any CPU
		{B5BFBA2C-B109-44C4-8C65-6C4ABC71598B}.BizTalk|Any CPU.ActiveCfg = Release|Any CPU
		{B5BFBA2C-B109-44C4-8C65-6C4ABC71598B}.BizTalk|Any CPU.Build.0 = Release|Any CPU
		{B5BFBA2C-B109-44C4-8C65-6C4ABC71598B}.Debug|Any CPU.ActiveCfg = Debug|Any CPU
		{B5BFBA2C-B109-44C4-8C65-6C4ABC71598B}.Debug|Any CPU.Build.0 = Debug|Any CPU
		{B5BFBA2C-B109-44C4-8C65-6C4ABC71598B}.Release|Any CPU.ActiveCfg = Release|Any CPU
		{B5BFBA2C-B109-44C4-8C65-6C4ABC71598B}.Release|Any CPU.Build.0 = Release|Any CPU
		{3AA26187-687C-431B-80EB-6C7C3BB2C982}.BizTalk|Any CPU.ActiveCfg = Release|Any CPU
		{3AA26187-687C-431B-80EB-6C7C3BB2C982}.BizTalk|Any CPU.Build.0 = Release|Any CPU
		{3AA26187-687C-431B-80EB-6C7C3BB2C982}.Debug|Any CPU.ActiveCfg = Debug|Any CPU
		{3AA26187-687C-431B-80EB-6C7C3BB2C982}.Debug|Any CPU.Build.0 = Debug|Any CPU
		{3AA26187-687C-431B-80EB-6C7C3BB2C982}.Release|Any CPU.ActiveCfg = Release|Any CPU
		{3AA26187-687C-431B-80EB-6C7C3BB2C982}.Release|Any CPU.Build.0 = Release|Any CPU
		{49CD406A-4068-4530-B264-5BA0A435DAE4}.BizTalk|Any CPU.ActiveCfg = Release|Any CPU
		{49CD406A-4068-4530-B264-5BA0A435DAE4}.BizTalk|Any CPU.Build.0 = Release|Any CPU
		{49CD406A-4068-4530-B264-5BA0A435DAE4}.Debug|Any CPU.ActiveCfg = Debug|Any CPU
		{49CD406A-4068-4530-B264-5BA0A435DAE4}.Debug|Any CPU.Build.0 = Debug|Any CPU
		{49CD406A-4068-4530-B264-5BA0A435DAE4}.Release|Any CPU.ActiveCfg = Release|Any CPU
		{49CD406A-4068-4530-B264-5BA0A435DAE4}.Release|Any CPU.Build.0 = Release|Any CPU
		{294A148A-F503-4155-A186-E6412F60BA9B}.BizTalk|Any CPU.ActiveCfg = Release|Any CPU
		{294A148A-F503-4155-A186-E6412F60BA9B}.BizTalk|Any CPU.Build.0 = Release|Any CPU
		{294A148A-F503-4155-A186-E6412F60BA9B}.Debug|Any CPU.ActiveCfg = Debug|Any CPU
		{294A148A-F503-4155-A186-E6412F60BA9B}.Debug|Any CPU.Build.0 = Debug|Any CPU
		{294A148A-F503-4155-A186-E6412F60BA9B}.Release|Any CPU.ActiveCfg = Release|Any CPU
		{294A148A-F503-4155-A186-E6412F60BA9B}.Release|Any CPU.Build.0 = Release|Any CPU
		{9F003667-A861-4941-9603-CE92AC9C07B0}.BizTalk|Any CPU.ActiveCfg = Release|Any CPU
		{9F003667-A861-4941-9603-CE92AC9C07B0}.BizTalk|Any CPU.Build.0 = Release|Any CPU
		{9F003667-A861-4941-9603-CE92AC9C07B0}.Debug|Any CPU.ActiveCfg = Debug|Any CPU
		{9F003667-A861-4941-9603-CE92AC9C07B0}.Debug|Any CPU.Build.0 = Debug|Any CPU
		{9F003667-A861-4941-9603-CE92AC9C07B0}.Release|Any CPU.ActiveCfg = Release|Any CPU
		{9F003667-A861-4941-9603-CE92AC9C07B0}.Release|Any CPU.Build.0 = Release|Any CPU
		{4F59530F-798F-45A0-8500-1864E7508BBE}.BizTalk|Any CPU.ActiveCfg = Release|Any CPU
		{4F59530F-798F-45A0-8500-1864E7508BBE}.BizTalk|Any CPU.Build.0 = Release|Any CPU
		{4F59530F-798F-45A0-8500-1864E7508BBE}.Debug|Any CPU.ActiveCfg = Debug|Any CPU
		{4F59530F-798F-45A0-8500-1864E7508BBE}.Debug|Any CPU.Build.0 = Debug|Any CPU
		{4F59530F-798F-45A0-8500-1864E7508BBE}.Release|Any CPU.ActiveCfg = Release|Any CPU
		{4F59530F-798F-45A0-8500-1864E7508BBE}.Release|Any CPU.Build.0 = Release|Any CPU
		{1129932D-C687-465C-8BC4-F7759326B8AF}.BizTalk|Any CPU.ActiveCfg = Release|Any CPU
		{1129932D-C687-465C-8BC4-F7759326B8AF}.BizTalk|Any CPU.Build.0 = Release|Any CPU
		{1129932D-C687-465C-8BC4-F7759326B8AF}.Debug|Any CPU.ActiveCfg = Debug|Any CPU
		{1129932D-C687-465C-8BC4-F7759326B8AF}.Debug|Any CPU.Build.0 = Debug|Any CPU
		{1129932D-C687-465C-8BC4-F7759326B8AF}.Release|Any CPU.ActiveCfg = Release|Any CPU
		{1129932D-C687-465C-8BC4-F7759326B8AF}.Release|Any CPU.Build.0 = Release|Any CPU
		{93303137-27DB-4026-A202-BADFCFA5F99B}.BizTalk|Any CPU.ActiveCfg = Release|Any CPU
		{93303137-27DB-4026-A202-BADFCFA5F99B}.BizTalk|Any CPU.Build.0 = Release|Any CPU
		{93303137-27DB-4026-A202-BADFCFA5F99B}.Debug|Any CPU.ActiveCfg = Debug|Any CPU
		{93303137-27DB-4026-A202-BADFCFA5F99B}.Debug|Any CPU.Build.0 = Debug|Any CPU
		{93303137-27DB-4026-A202-BADFCFA5F99B}.Release|Any CPU.ActiveCfg = Release|Any CPU
		{93303137-27DB-4026-A202-BADFCFA5F99B}.Release|Any CPU.Build.0 = Release|Any CPU
		{45E6A24F-F572-4D6A-B205-26FBE3580555}.BizTalk|Any CPU.ActiveCfg = Release|Any CPU
		{45E6A24F-F572-4D6A-B205-26FBE3580555}.BizTalk|Any CPU.Build.0 = Release|Any CPU
		{45E6A24F-F572-4D6A-B205-26FBE3580555}.Debug|Any CPU.ActiveCfg = Debug|Any CPU
		{45E6A24F-F572-4D6A-B205-26FBE3580555}.Debug|Any CPU.Build.0 = Debug|Any CPU
		{45E6A24F-F572-4D6A-B205-26FBE3580555}.Release|Any CPU.ActiveCfg = Release|Any CPU
		{45E6A24F-F572-4D6A-B205-26FBE3580555}.Release|Any CPU.Build.0 = Release|Any CPU
		{07EED704-F3CF-4D0B-9D75-6571623F4DF0}.BizTalk|Any CPU.ActiveCfg = Release|Any CPU
		{07EED704-F3CF-4D0B-9D75-6571623F4DF0}.BizTalk|Any CPU.Build.0 = Release|Any CPU
		{07EED704-F3CF-4D0B-9D75-6571623F4DF0}.Debug|Any CPU.ActiveCfg = Debug|Any CPU
		{07EED704-F3CF-4D0B-9D75-6571623F4DF0}.Debug|Any CPU.Build.0 = Debug|Any CPU
		{07EED704-F3CF-4D0B-9D75-6571623F4DF0}.Release|Any CPU.ActiveCfg = Release|Any CPU
		{07EED704-F3CF-4D0B-9D75-6571623F4DF0}.Release|Any CPU.Build.0 = Release|Any CPU
		{2317C780-3EFD-43DA-8AB1-D610FFEC0410}.BizTalk|Any CPU.ActiveCfg = Release|Any CPU
		{2317C780-3EFD-43DA-8AB1-D610FFEC0410}.BizTalk|Any CPU.Build.0 = Release|Any CPU
		{2317C780-3EFD-43DA-8AB1-D610FFEC0410}.Debug|Any CPU.ActiveCfg = Debug|Any CPU
		{2317C780-3EFD-43DA-8AB1-D610FFEC0410}.Debug|Any CPU.Build.0 = Debug|Any CPU
		{2317C780-3EFD-43DA-8AB1-D610FFEC0410}.Release|Any CPU.ActiveCfg = Release|Any CPU
		{2317C780-3EFD-43DA-8AB1-D610FFEC0410}.Release|Any CPU.Build.0 = Release|Any CPU
		{AE070F47-B4B5-49F9-B0FA-A043056B3547}.BizTalk|Any CPU.ActiveCfg = Release|Any CPU
		{AE070F47-B4B5-49F9-B0FA-A043056B3547}.BizTalk|Any CPU.Build.0 = Release|Any CPU
		{AE070F47-B4B5-49F9-B0FA-A043056B3547}.Debug|Any CPU.ActiveCfg = Debug|Any CPU
		{AE070F47-B4B5-49F9-B0FA-A043056B3547}.Debug|Any CPU.Build.0 = Debug|Any CPU
		{AE070F47-B4B5-49F9-B0FA-A043056B3547}.Release|Any CPU.ActiveCfg = Release|Any CPU
		{AE070F47-B4B5-49F9-B0FA-A043056B3547}.Release|Any CPU.Build.0 = Release|Any CPU
		{9C11CAE5-5188-4E71-825B-68FC3135728A}.BizTalk|Any CPU.ActiveCfg = Release|Any CPU
		{9C11CAE5-5188-4E71-825B-68FC3135728A}.BizTalk|Any CPU.Build.0 = Release|Any CPU
		{9C11CAE5-5188-4E71-825B-68FC3135728A}.Debug|Any CPU.ActiveCfg = Debug|Any CPU
		{9C11CAE5-5188-4E71-825B-68FC3135728A}.Debug|Any CPU.Build.0 = Debug|Any CPU
		{9C11CAE5-5188-4E71-825B-68FC3135728A}.Release|Any CPU.ActiveCfg = Release|Any CPU
		{9C11CAE5-5188-4E71-825B-68FC3135728A}.Release|Any CPU.Build.0 = Release|Any CPU
		{2389AD85-8D47-4740-80E9-EFF0F2E0B309}.BizTalk|Any CPU.ActiveCfg = Release|Any CPU
		{2389AD85-8D47-4740-80E9-EFF0F2E0B309}.BizTalk|Any CPU.Build.0 = Release|Any CPU
		{2389AD85-8D47-4740-80E9-EFF0F2E0B309}.Debug|Any CPU.ActiveCfg = Debug|Any CPU
		{2389AD85-8D47-4740-80E9-EFF0F2E0B309}.Debug|Any CPU.Build.0 = Debug|Any CPU
		{2389AD85-8D47-4740-80E9-EFF0F2E0B309}.Release|Any CPU.ActiveCfg = Release|Any CPU
		{2389AD85-8D47-4740-80E9-EFF0F2E0B309}.Release|Any CPU.Build.0 = Release|Any CPU
		{13D30D80-3D08-4187-9294-C9ADD6CB2D6E}.BizTalk|Any CPU.ActiveCfg = BizTalk|Any CPU
		{13D30D80-3D08-4187-9294-C9ADD6CB2D6E}.BizTalk|Any CPU.Build.0 = BizTalk|Any CPU
		{13D30D80-3D08-4187-9294-C9ADD6CB2D6E}.Debug|Any CPU.ActiveCfg = Debug|Any CPU
		{13D30D80-3D08-4187-9294-C9ADD6CB2D6E}.Debug|Any CPU.Build.0 = Debug|Any CPU
		{13D30D80-3D08-4187-9294-C9ADD6CB2D6E}.Release|Any CPU.ActiveCfg = Release|Any CPU
		{13D30D80-3D08-4187-9294-C9ADD6CB2D6E}.Release|Any CPU.Build.0 = Release|Any CPU
		{12914B1D-59CF-4BAF-B46E-F4C80FD6345C}.BizTalk|Any CPU.ActiveCfg = Release|Any CPU
		{12914B1D-59CF-4BAF-B46E-F4C80FD6345C}.BizTalk|Any CPU.Build.0 = Release|Any CPU
		{12914B1D-59CF-4BAF-B46E-F4C80FD6345C}.Debug|Any CPU.ActiveCfg = Debug|Any CPU
		{12914B1D-59CF-4BAF-B46E-F4C80FD6345C}.Debug|Any CPU.Build.0 = Debug|Any CPU
		{12914B1D-59CF-4BAF-B46E-F4C80FD6345C}.Release|Any CPU.ActiveCfg = Release|Any CPU
		{12914B1D-59CF-4BAF-B46E-F4C80FD6345C}.Release|Any CPU.Build.0 = Release|Any CPU
		{7386B122-5F38-47CE-9DCD-F011BB89BC3C}.BizTalk|Any CPU.ActiveCfg = Release|Any CPU
		{7386B122-5F38-47CE-9DCD-F011BB89BC3C}.BizTalk|Any CPU.Build.0 = Release|Any CPU
		{7386B122-5F38-47CE-9DCD-F011BB89BC3C}.Debug|Any CPU.ActiveCfg = Debug|Any CPU
		{7386B122-5F38-47CE-9DCD-F011BB89BC3C}.Debug|Any CPU.Build.0 = Debug|Any CPU
		{7386B122-5F38-47CE-9DCD-F011BB89BC3C}.Release|Any CPU.ActiveCfg = Release|Any CPU
		{7386B122-5F38-47CE-9DCD-F011BB89BC3C}.Release|Any CPU.Build.0 = Release|Any CPU
		{7B8F95BC-E2D5-44AD-B1C9-75891B4654EE}.BizTalk|Any CPU.ActiveCfg = Release|Any CPU
		{7B8F95BC-E2D5-44AD-B1C9-75891B4654EE}.BizTalk|Any CPU.Build.0 = Release|Any CPU
		{7B8F95BC-E2D5-44AD-B1C9-75891B4654EE}.Debug|Any CPU.ActiveCfg = Debug|Any CPU
		{7B8F95BC-E2D5-44AD-B1C9-75891B4654EE}.Debug|Any CPU.Build.0 = Debug|Any CPU
		{7B8F95BC-E2D5-44AD-B1C9-75891B4654EE}.Release|Any CPU.ActiveCfg = Release|Any CPU
		{7B8F95BC-E2D5-44AD-B1C9-75891B4654EE}.Release|Any CPU.Build.0 = Release|Any CPU
		{FA4EECF3-0660-492D-BB2A-9B53DD5C68EE}.BizTalk|Any CPU.ActiveCfg = Release|Any CPU
		{FA4EECF3-0660-492D-BB2A-9B53DD5C68EE}.BizTalk|Any CPU.Build.0 = Release|Any CPU
		{FA4EECF3-0660-492D-BB2A-9B53DD5C68EE}.Debug|Any CPU.ActiveCfg = Debug|Any CPU
		{FA4EECF3-0660-492D-BB2A-9B53DD5C68EE}.Debug|Any CPU.Build.0 = Debug|Any CPU
		{FA4EECF3-0660-492D-BB2A-9B53DD5C68EE}.Release|Any CPU.ActiveCfg = Release|Any CPU
		{FA4EECF3-0660-492D-BB2A-9B53DD5C68EE}.Release|Any CPU.Build.0 = Release|Any CPU
		{A102C428-32BA-4DC2-9F06-6F0770BB05F0}.BizTalk|Any CPU.ActiveCfg = Release|Any CPU
		{A102C428-32BA-4DC2-9F06-6F0770BB05F0}.BizTalk|Any CPU.Build.0 = Release|Any CPU
		{A102C428-32BA-4DC2-9F06-6F0770BB05F0}.Debug|Any CPU.ActiveCfg = Debug|Any CPU
		{A102C428-32BA-4DC2-9F06-6F0770BB05F0}.Debug|Any CPU.Build.0 = Debug|Any CPU
		{A102C428-32BA-4DC2-9F06-6F0770BB05F0}.Release|Any CPU.ActiveCfg = Release|Any CPU
		{A102C428-32BA-4DC2-9F06-6F0770BB05F0}.Release|Any CPU.Build.0 = Release|Any CPU
	EndGlobalSection
	GlobalSection(SolutionProperties) = preSolution
		HideSolutionNode = FALSE
	EndGlobalSection
	GlobalSection(NestedProjects) = preSolution
		{F8103B09-A5C7-48BD-B736-727FB2107165} = {0376B125-2303-4BB7-A2B9-7DE9D0CCDE06}
		{64A4F74F-A0E1-4EF2-915B-DD49BD50EDAC} = {0376B125-2303-4BB7-A2B9-7DE9D0CCDE06}
		{1C5DC3D9-56B1-4580-8B69-30955F72D6BD} = {0376B125-2303-4BB7-A2B9-7DE9D0CCDE06}
		{85643354-D470-49AA-A4D0-E9B6BA8116A2} = {0376B125-2303-4BB7-A2B9-7DE9D0CCDE06}
		{3312CA28-2722-48BE-BB9E-B6C783F74A03} = {F1EA880E-2165-47CB-ADDF-D5C170E8E6BD}
		{767B770D-6901-46CA-A335-F6A27A07F444} = {F1EA880E-2165-47CB-ADDF-D5C170E8E6BD}
		{76C233FA-84B3-4A79-A3E3-5797373EC226} = {F1EA880E-2165-47CB-ADDF-D5C170E8E6BD}
		{50C8F359-C75F-4C21-AB55-77BDD3C5F91A} = {F1EA880E-2165-47CB-ADDF-D5C170E8E6BD}
		{1670A139-3D81-4CFB-AB45-69C3AB6C0938} = {E6F5D40C-FD42-47DC-9AB8-12A78C17149E}
		{12078B7D-28A5-4D0A-871D-664C65CB1DF5} = {E6F5D40C-FD42-47DC-9AB8-12A78C17149E}
		{40D5A415-8B3A-4FA8-B8D0-22EB0362EC0C} = {E6F5D40C-FD42-47DC-9AB8-12A78C17149E}
		{344EEE4B-8211-4F9B-AE19-DC16B18FA54C} = {E6F5D40C-FD42-47DC-9AB8-12A78C17149E}
		{D182DF5E-2888-420D-BDA4-93E1BDB8F9CB} = {E6F5D40C-FD42-47DC-9AB8-12A78C17149E}
		{C2D7AF8D-0EFB-42D5-8B8B-AFCB1C3738B0} = {E6F5D40C-FD42-47DC-9AB8-12A78C17149E}
		{F686A5EA-735B-4BB3-8A65-361342C5B761} = {8CC48370-C1EE-43C4-8E6D-2130DFF3B630}
		{6575E039-7DD5-475C-8287-DFB0CB2EE6D0} = {8CC48370-C1EE-43C4-8E6D-2130DFF3B630}
		{54730BFB-4DEC-452B-87E9-E36BAECDB3FB} = {8CC48370-C1EE-43C4-8E6D-2130DFF3B630}
		{9EDF2194-F01E-4285-9104-0C4FBC0D8D91} = {8CC48370-C1EE-43C4-8E6D-2130DFF3B630}
		{1E25102E-991F-4A3D-AC2B-C3CBD0293E98} = {D309ED08-F708-4EDA-BBA4-B1C778129D67}
		{B5BFBA2C-B109-44C4-8C65-6C4ABC71598B} = {D309ED08-F708-4EDA-BBA4-B1C778129D67}
		{3AA26187-687C-431B-80EB-6C7C3BB2C982} = {D309ED08-F708-4EDA-BBA4-B1C778129D67}
		{49CD406A-4068-4530-B264-5BA0A435DAE4} = {D309ED08-F708-4EDA-BBA4-B1C778129D67}
		{294A148A-F503-4155-A186-E6412F60BA9B} = {D309ED08-F708-4EDA-BBA4-B1C778129D67}
		{9F003667-A861-4941-9603-CE92AC9C07B0} = {519460C0-0EC7-4D52-BA8C-0B6F07DF2D35}
		{4F59530F-798F-45A0-8500-1864E7508BBE} = {D84B734E-8097-41C8-ACAF-09375FF6B73D}
		{1129932D-C687-465C-8BC4-F7759326B8AF} = {D84B734E-8097-41C8-ACAF-09375FF6B73D}
		{93303137-27DB-4026-A202-BADFCFA5F99B} = {D84B734E-8097-41C8-ACAF-09375FF6B73D}
		{45E6A24F-F572-4D6A-B205-26FBE3580555} = {AA649A19-C9C0-4765-9E6C-D543FC4DE88C}
		{07EED704-F3CF-4D0B-9D75-6571623F4DF0} = {AA649A19-C9C0-4765-9E6C-D543FC4DE88C}
		{2317C780-3EFD-43DA-8AB1-D610FFEC0410} = {AA649A19-C9C0-4765-9E6C-D543FC4DE88C}
		{AE070F47-B4B5-49F9-B0FA-A043056B3547} = {AA649A19-C9C0-4765-9E6C-D543FC4DE88C}
		{9C11CAE5-5188-4E71-825B-68FC3135728A} = {B38BAA04-F962-4A72-BFFE-E491A2C13421}
		{2389AD85-8D47-4740-80E9-EFF0F2E0B309} = {2A3E3DA3-CFD4-4547-9AD4-88DCF4BDD5B2}
		{13D30D80-3D08-4187-9294-C9ADD6CB2D6E} = {2A3E3DA3-CFD4-4547-9AD4-88DCF4BDD5B2}
		{12914B1D-59CF-4BAF-B46E-F4C80FD6345C} = {2A3E3DA3-CFD4-4547-9AD4-88DCF4BDD5B2}
		{7386B122-5F38-47CE-9DCD-F011BB89BC3C} = {17585B5E-AEAB-47F5-967C-034AB2CD9922}
		{7B8F95BC-E2D5-44AD-B1C9-75891B4654EE} = {831C74CC-6ECE-4574-9142-C824409B982E}
		{FA4EECF3-0660-492D-BB2A-9B53DD5C68EE} = {D309ED08-F708-4EDA-BBA4-B1C778129D67}
		{A102C428-32BA-4DC2-9F06-6F0770BB05F0} = {8CC48370-C1EE-43C4-8E6D-2130DFF3B630}
	EndGlobalSection
	GlobalSection(ExtensibilityGlobals) = postSolution
		SolutionGuid = {181AD2BA-2615-4432-A432-D23EACFCDD09}
	EndGlobalSection
EndGlobal
